// !$*UTF8*$!
{
	archiveVersion = 1;
	classes = {
	};
	objectVersion = 46;
	objects = {

/* Begin PBXBuildFile section */
		5972F87E1C3EED930072F63A /* AppDelegate.swift in Sources */ = {isa = PBXBuildFile; fileRef = 5972F87D1C3EED930072F63A /* AppDelegate.swift */; };
		5972F8801C3EED930072F63A /* ViewController.swift in Sources */ = {isa = PBXBuildFile; fileRef = 5972F87F1C3EED930072F63A /* ViewController.swift */; };
		5972F8831C3EED930072F63A /* Main.storyboard in Resources */ = {isa = PBXBuildFile; fileRef = 5972F8811C3EED930072F63A /* Main.storyboard */; };
		5972F8851C3EED930072F63A /* Assets.xcassets in Resources */ = {isa = PBXBuildFile; fileRef = 5972F8841C3EED930072F63A /* Assets.xcassets */; };
		5972F8881C3EED930072F63A /* LaunchScreen.storyboard in Resources */ = {isa = PBXBuildFile; fileRef = 5972F8861C3EED930072F63A /* LaunchScreen.storyboard */; };
		5972F8911C3EF4C20072F63A /* post.swift in Sources */ = {isa = PBXBuildFile; fileRef = 5972F8901C3EF4C20072F63A /* post.swift */; };
		5972F8941C3EF6610072F63A /* postcell.swift in Sources */ = {isa = PBXBuildFile; fileRef = 5972F8931C3EF6610072F63A /* postcell.swift */; };
		5972F8971C3EFBF90072F63A /* AddPostsVC.swift in Sources */ = {isa = PBXBuildFile; fileRef = 5972F8961C3EFBF90072F63A /* AddPostsVC.swift */; };
/* End PBXBuildFile section */

/* Begin PBXFileReference section */
		5972F87A1C3EED930072F63A /* my-hood.app */ = {isa = PBXFileReference; explicitFileType = wrapper.application; includeInIndex = 0; path = "my-hood.app"; sourceTree = BUILT_PRODUCTS_DIR; };
		5972F87D1C3EED930072F63A /* AppDelegate.swift */ = {isa = PBXFileReference; lastKnownFileType = sourcecode.swift; path = AppDelegate.swift; sourceTree = "<group>"; };
		5972F87F1C3EED930072F63A /* ViewController.swift */ = {isa = PBXFileReference; lastKnownFileType = sourcecode.swift; path = ViewController.swift; sourceTree = "<group>"; };
		5972F8821C3EED930072F63A /* Base */ = {isa = PBXFileReference; lastKnownFileType = file.storyboard; name = Base; path = Base.lproj/Main.storyboard; sourceTree = "<group>"; };
		5972F8841C3EED930072F63A /* Assets.xcassets */ = {isa = PBXFileReference; lastKnownFileType = folder.assetcatalog; path = Assets.xcassets; sourceTree = "<group>"; };
		5972F8871C3EED930072F63A /* Base */ = {isa = PBXFileReference; lastKnownFileType = file.storyboard; name = Base; path = Base.lproj/LaunchScreen.storyboard; sourceTree = "<group>"; };
		5972F8891C3EED930072F63A /* Info.plist */ = {isa = PBXFileReference; lastKnownFileType = text.plist.xml; path = Info.plist; sourceTree = "<group>"; };
		5972F8901C3EF4C20072F63A /* post.swift */ = {isa = PBXFileReference; fileEncoding = 4; lastKnownFileType = sourcecode.swift; path = post.swift; sourceTree = "<group>"; };
		5972F8931C3EF6610072F63A /* postcell.swift */ = {isa = PBXFileReference; fileEncoding = 4; lastKnownFileType = sourcecode.swift; path = postcell.swift; sourceTree = "<group>"; };
		5972F8961C3EFBF90072F63A /* AddPostsVC.swift */ = {isa = PBXFileReference; fileEncoding = 4; lastKnownFileType = sourcecode.swift; path = AddPostsVC.swift; sourceTree = "<group>"; };
/* End PBXFileReference section */

/* Begin PBXFrameworksBuildPhase section */
		5972F8771C3EED930072F63A /* Frameworks */ = {
			isa = PBXFrameworksBuildPhase;
			buildActionMask = 2147483647;
			files = (
			);
			runOnlyForDeploymentPostprocessing = 0;
		};
/* End PBXFrameworksBuildPhase section */

/* Begin PBXGroup section */
		5972F8711C3EED930072F63A = {
			isa = PBXGroup;
			children = (
				5972F87C1C3EED930072F63A /* my-hood */,
				5972F87B1C3EED930072F63A /* Products */,
			);
			sourceTree = "<group>";
		};
		5972F87B1C3EED930072F63A /* Products */ = {
			isa = PBXGroup;
			children = (
				5972F87A1C3EED930072F63A /* my-hood.app */,
			);
			name = Products;
			sourceTree = "<group>";
		};
		5972F87C1C3EED930072F63A /* my-hood */ = {
			isa = PBXGroup;
			children = (
				5972F8921C3EF63B0072F63A /* view */,
				5972F88F1C3EF4B50072F63A /* model */,
				5972F8951C3EFB8F0072F63A /* controler */,
				5972F87D1C3EED930072F63A /* AppDelegate.swift */,
				5972F8841C3EED930072F63A /* Assets.xcassets */,
				5972F8891C3EED930072F63A /* Info.plist */,
			);
			path = "my-hood";
			sourceTree = "<group>";
		};
		5972F88F1C3EF4B50072F63A /* model */ = {
			isa = PBXGroup;
			children = (
				5972F8901C3EF4C20072F63A /* post.swift */,
			);
			name = model;
			sourceTree = "<group>";
		};
		5972F8921C3EF63B0072F63A /* view */ = {
			isa = PBXGroup;
			children = (
				5972F8861C3EED930072F63A /* LaunchScreen.storyboard */,
				5972F8811C3EED930072F63A /* Main.storyboard */,
				5972F8931C3EF6610072F63A /* postcell.swift */,
			);
			name = view;
			sourceTree = "<group>";
		};
		5972F8951C3EFB8F0072F63A /* controler */ = {
			isa = PBXGroup;
			children = (
				5972F87F1C3EED930072F63A /* ViewController.swift */,
				5972F8961C3EFBF90072F63A /* AddPostsVC.swift */,
			);
			name = controler;
			sourceTree = "<group>";
		};
/* End PBXGroup section */

/* Begin PBXNativeTarget section */
		5972F8791C3EED930072F63A /* my-hood */ = {
			isa = PBXNativeTarget;
			buildConfigurationList = 5972F88C1C3EED930072F63A /* Build configuration list for PBXNativeTarget "my-hood" */;
			buildPhases = (
				5972F8761C3EED930072F63A /* Sources */,
				5972F8771C3EED930072F63A /* Frameworks */,
				5972F8781C3EED930072F63A /* Resources */,
			);
			buildRules = (
			);
			dependencies = (
			);
			name = "my-hood";
			productName = "my-hood";
			productReference = 5972F87A1C3EED930072F63A /* my-hood.app */;
			productType = "com.apple.product-type.application";
		};
/* End PBXNativeTarget section */

/* Begin PBXProject section */
		5972F8721C3EED930072F63A /* Project object */ = {
			isa = PBXProject;
			attributes = {
				LastSwiftUpdateCheck = 0720;
				LastUpgradeCheck = 0720;
				ORGANIZATIONNAME = "Carl Henningsson";
				TargetAttributes = {
					5972F8791C3EED930072F63A = {
						CreatedOnToolsVersion = 7.2;
					};
				};
			};
			buildConfigurationList = 5972F8751C3EED930072F63A /* Build configuration list for PBXProject "my-hood" */;
			compatibilityVersion = "Xcode 3.2";
			developmentRegion = English;
			hasScannedForEncodings = 0;
			knownRegions = (
				en,
				Base,
			);
			mainGroup = 5972F8711C3EED930072F63A;
			productRefGroup = 5972F87B1C3EED930072F63A /* Products */;
			projectDirPath = "";
			projectRoot = "";
			targets = (
				5972F8791C3EED930072F63A /* my-hood */,
			);
		};
/* End PBXProject section */

/* Begin PBXResourcesBuildPhase section */
		5972F8781C3EED930072F63A /* Resources */ = {
			isa = PBXResourcesBuildPhase;
			buildActionMask = 2147483647;
			files = (
				5972F8881C3EED930072F63A /* LaunchScreen.storyboard in Resources */,
				5972F8851C3EED930072F63A /* Assets.xcassets in Resources */,
				5972F8831C3EED930072F63A /* Main.storyboard in Resources */,
			);
			runOnlyForDeploymentPostprocessing = 0;
		};
/* End PBXResourcesBuildPhase section */

/* Begin PBXSourcesBuildPhase section */
		5972F8761C3EED930072F63A /* Sources */ = {
			isa = PBXSourcesBuildPhase;
			buildActionMask = 2147483647;
			files = (
				5972F8911C3EF4C20072F63A /* post.swift in Sources */,
				5972F8801C3EED930072F63A /* ViewController.swift in Sources */,
				5972F87E1C3EED930072F63A /* AppDelegate.swift in Sources */,
				5972F8941C3EF6610072F63A /* postcell.swift in Sources */,
				5972F8971C3EFBF90072F63A /* AddPostsVC.swift in Sources */,
			);
			runOnlyForDeploymentPostprocessing = 0;
		};
/* End PBXSourcesBuildPhase section */

/* Begin PBXVariantGroup section */
		5972F8811C3EED930072F63A /* Main.storyboard */ = {
			isa = PBXVariantGroup;
			children = (
				5972F8821C3EED930072F63A /* Base */,
			);
			name = Main.storyboard;
			sourceTree = "<group>";
		};
		5972F8861C3EED930072F63A /* LaunchScreen.storyboard */ = {
			isa = PBXVariantGroup;
			children = (
				5972F8871C3EED930072F63A /* Base */,
			);
			name = LaunchScreen.storyboard;
			sourceTree = "<group>";
		};
/* End PBXVariantGroup section */

/* Begin XCBuildConfiguration section */
		5972F88A1C3EED930072F63A /* Debug */ = {
			isa = XCBuildConfiguration;
			buildSettings = {
				ALWAYS_SEARCH_USER_PATHS = NO;
				CLANG_CXX_LANGUAGE_STANDARD = "gnu++0x";
				CLANG_CXX_LIBRARY = "libc++";
				CLANG_ENABLE_MODULES = YES;
				CLANG_ENABLE_OBJC_ARC = YES;
				CLANG_WARN_BOOL_CONVERSION = YES;
				CLANG_WARN_CONSTANT_CONVERSION = YES;
				CLANG_WARN_DIRECT_OBJC_ISA_USAGE = YES_ERROR;
				CLANG_WARN_EMPTY_BODY = YES;
				CLANG_WARN_ENUM_CONVERSION = YES;
				CLANG_WARN_INT_CONVERSION = YES;
				CLANG_WARN_OBJC_ROOT_CLASS = YES_ERROR;
				CLANG_WARN_UNREACHABLE_CODE = YES;
				CLANG_WARN__DUPLICATE_METHOD_MATCH = YES;
				"CODE_SIGN_IDENTITY[sdk=iphoneos*]" = "iPhone Developer";
				COPY_PHASE_STRIP = NO;
				DEBUG_INFORMATION_FORMAT = dwarf;
				ENABLE_STRICT_OBJC_MSGSEND = YES;
				ENABLE_TESTABILITY = YES;
				GCC_C_LANGUAGE_STANDARD = gnu99;
				GCC_DYNAMIC_NO_PIC = NO;
				GCC_NO_COMMON_BLOCKS = YES;
				GCC_OPTIMIZATION_LEVEL = 0;
				GCC_PREPROCESSOR_DEFINITIONS = (
					"DEBUG=1",
					"$(inherited)",
				);
				GCC_WARN_64_TO_32_BIT_CONVERSION = YES;
				GCC_WARN_ABOUT_RETURN_TYPE = YES_ERROR;
				GCC_WARN_UNDECLARED_SELECTOR = YES;
				GCC_WARN_UNINITIALIZED_AUTOS = YES_AGGRESSIVE;
				GCC_WARN_UNUSED_FUNCTION = YES;
				GCC_WARN_UNUSED_VARIABLE = YES;
				IPHONEOS_DEPLOYMENT_TARGET = 9.2;
				MTL_ENABLE_DEBUG_INFO = YES;
				ONLY_ACTIVE_ARCH = YES;
				SDKROOT = iphoneos;
				SWIFT_OPTIMIZATION_LEVEL = "-Onone";
			};
			name = Debug;
		};
		5972F88B1C3EED930072F63A /* Release */ = {
			isa = XCBuildConfiguration;
			buildSettings = {
				ALWAYS_SEARCH_USER_PATHS = NO;
				CLANG_CXX_LANGUAGE_STANDARD = "gnu++0x";
				CLANG_CXX_LIBRARY = "libc++";
				CLANG_ENABLE_MODULES = YES;
				CLANG_ENABLE_OBJC_ARC = YES;
				CLANG_WARN_BOOL_CONVERSION = YES;
				CLANG_WARN_CONSTANT_CONVERSION = YES;
				CLANG_WARN_DIRECT_OBJC_ISA_USAGE = YES_ERROR;
				CLANG_WARN_EMPTY_BODY = YES;
				CLANG_WARN_ENUM_CONVERSION = YES;
				CLANG_WARN_INT_CONVERSION = YES;
				CLANG_WARN_OBJC_ROOT_CLASS = YES_ERROR;
				CLANG_WARN_UNREACHABLE_CODE = YES;
				CLANG_WARN__DUPLICATE_METHOD_MATCH = YES;
				"CODE_SIGN_IDENTITY[sdk=iphoneos*]" = "iPhone Developer";
				COPY_PHASE_STRIP = NO;
				DEBUG_INFORMATION_FORMAT = "dwarf-with-dsym";
				ENABLE_NS_ASSERTIONS = NO;
				ENABLE_STRICT_OBJC_MSGSEND = YES;
				GCC_C_LANGUAGE_STANDARD = gnu99;
				GCC_NO_COMMON_BLOCKS = YES;
				GCC_WARN_64_TO_32_BIT_CONVERSION = YES;
				GCC_WARN_ABOUT_RETURN_TYPE = YES_ERROR;
				GCC_WARN_UNDECLARED_SELECTOR = YES;
				GCC_WARN_UNINITIALIZED_AUTOS = YES_AGGRESSIVE;
				GCC_WARN_UNUSED_FUNCTION = YES;
				GCC_WARN_UNUSED_VARIABLE = YES;
				IPHONEOS_DEPLOYMENT_TARGET = 9.2;
				MTL_ENABLE_DEBUG_INFO = NO;
				SDKROOT = iphoneos;
				VALIDATE_PRODUCT = YES;
			};
			name = Release;
		};
		5972F88D1C3EED930072F63A /* Debug */ = {
			isa = XCBuildConfiguration;
			buildSettings = {
				ASSETCATALOG_COMPILER_APPICON_NAME = AppIcon;
				INFOPLIST_FILE = "my-hood/Info.plist";
				LD_RUNPATH_SEARCH_PATHS = "$(inherited) @executable_path/Frameworks";
				PRODUCT_BUNDLE_IDENTIFIER = "ka.my-hood";
				PRODUCT_NAME = "$(TARGET_NAME)";
			};
			name = Debug;
		};
		5972F88E1C3EED930072F63A /* Release */ = {
			isa = XCBuildConfiguration;
			buildSettings = {
				ASSETCATALOG_COMPILER_APPICON_NAME = AppIcon;
				INFOPLIST_FILE = "my-hood/Info.plist";
				LD_RUNPATH_SEARCH_PATHS = "$(inherited) @executable_path/Frameworks";
				PRODUCT_BUNDLE_IDENTIFIER = "ka.my-hood";
				PRODUCT_NAME = "$(TARGET_NAME)";
			};
			name = Release;
		};
/* End XCBuildConfiguration section */

/* Begin XCConfigurationList section */
		5972F8751C3EED930072F63A /* Build configuration list for PBXProject "my-hood" */ = {
			isa = XCConfigurationList;
			buildConfigurations = (
				5972F88A1C3EED930072F63A /* Debug */,
				5972F88B1C3EED930072F63A /* Release */,
			);
			defaultConfigurationIsVisible = 0;
			defaultConfigurationName = Release;
		};
		5972F88C1C3EED930072F63A /* Build configuration list for PBXNativeTarget "my-hood" */ = {
			isa = XCConfigurationList;
			buildConfigurations = (
				5972F88D1C3EED930072F63A /* Debug */,
				5972F88E1C3EED930072F63A /* Release */,
			);
			defaultConfigurationIsVisible = 0;
		};
/* End XCConfigurationList section */
	};
	rootObject = 5972F8721C3EED930072F63A /* Project object */;
}
